// !$*UTF8*$!
{
	archiveVersion = 1;
	classes = {
	};
	objectVersion = 46;
	objects = {

/* Begin PBXBuildFile section */
		5A33F3AE17A95F0D0015BF2F /* UIKit.framework in Frameworks */ = {isa = PBXBuildFile; fileRef = 5A33F3AD17A95F0D0015BF2F /* UIKit.framework */; };
		5A33F3B017A95F0D0015BF2F /* Foundation.framework in Frameworks */ = {isa = PBXBuildFile; fileRef = 5A33F3AF17A95F0D0015BF2F /* Foundation.framework */; };
		5A33F3B217A95F0D0015BF2F /* CoreGraphics.framework in Frameworks */ = {isa = PBXBuildFile; fileRef = 5A33F3B117A95F0D0015BF2F /* CoreGraphics.framework */; };
		5A33F3D417A960010015BF2F /* AppDelegate.m in Sources */ = {isa = PBXBuildFile; fileRef = 5A33F3D117A960010015BF2F /* AppDelegate.m */; };
		5A33F3D517A960010015BF2F /* ViewController.m in Sources */ = {isa = PBXBuildFile; fileRef = 5A33F3D317A960010015BF2F /* ViewController.m */; };
		5A33F3E117A960460015BF2F /* Default-568h@2x.png in Resources */ = {isa = PBXBuildFile; fileRef = 5A33F3D617A960460015BF2F /* Default-568h@2x.png */; };
		5A33F3E217A960460015BF2F /* Default.png in Resources */ = {isa = PBXBuildFile; fileRef = 5A33F3D717A960460015BF2F /* Default.png */; };
		5A33F3E317A960460015BF2F /* Default@2x.png in Resources */ = {isa = PBXBuildFile; fileRef = 5A33F3D817A960460015BF2F /* Default@2x.png */; };
		5A33F3E417A960460015BF2F /* InfoPlist.strings in Resources */ = {isa = PBXBuildFile; fileRef = 5A33F3DA17A960460015BF2F /* InfoPlist.strings */; };
		5A33F3E517A960460015BF2F /* ViewController.xib in Resources */ = {isa = PBXBuildFile; fileRef = 5A33F3DC17A960460015BF2F /* ViewController.xib */; };
		5A33F3E617A960460015BF2F /* main.m in Sources */ = {isa = PBXBuildFile; fileRef = 5A33F3DE17A960460015BF2F /* main.m */; };
		5A33F43017AB1FE40015BF2F /* SDLoginViewController.m in Sources */ = {isa = PBXBuildFile; fileRef = 5A33F42B17AB1FE40015BF2F /* SDLoginViewController.m */; };
		5A33F43117AB1FE40015BF2F /* SDPasswordResetViewController.m in Sources */ = {isa = PBXBuildFile; fileRef = 5A33F42D17AB1FE40015BF2F /* SDPasswordResetViewController.m */; };
		5A33F43217AB1FE40015BF2F /* SDSignUpViewController.m in Sources */ = {isa = PBXBuildFile; fileRef = 5A33F42F17AB1FE40015BF2F /* SDSignUpViewController.m */; };
		5A33F44717AB20800015BF2F /* gray.png in Resources */ = {isa = PBXBuildFile; fileRef = 5A33F43517AB20800015BF2F /* gray.png */; };
		5A33F44817AB20800015BF2F /* green.png in Resources */ = {isa = PBXBuildFile; fileRef = 5A33F43617AB20800015BF2F /* green.png */; };
		5A33F44917AB20800015BF2F /* red.png in Resources */ = {isa = PBXBuildFile; fileRef = 5A33F43717AB20800015BF2F /* red.png */; };
		5A33F44A17AB20800015BF2F /* SDFooterButtonView.m in Sources */ = {isa = PBXBuildFile; fileRef = 5A33F43917AB20800015BF2F /* SDFooterButtonView.m */; };
		5A33F44B17AB20800015BF2F /* SDPatternCell.m in Sources */ = {isa = PBXBuildFile; fileRef = 5A33F43C17AB20800015BF2F /* SDPatternCell.m */; };
		5A33F44C17AB20800015BF2F /* SDPlaceholderCell.m in Sources */ = {isa = PBXBuildFile; fileRef = 5A33F43E17AB20800015BF2F /* SDPlaceholderCell.m */; };
		5A33F44D17AB20800015BF2F /* SDRoundedImageViewCell.m in Sources */ = {isa = PBXBuildFile; fileRef = 5A33F44017AB20800015BF2F /* SDRoundedImageViewCell.m */; };
		5A33F44E17AB20800015BF2F /* SDSwitchCell.m in Sources */ = {isa = PBXBuildFile; fileRef = 5A33F44217AB20800015BF2F /* SDSwitchCell.m */; };
		5A33F44F17AB20800015BF2F /* SDTextFieldCell.m in Sources */ = {isa = PBXBuildFile; fileRef = 5A33F44417AB20800015BF2F /* SDTextFieldCell.m */; };
		5A33F45017AB20800015BF2F /* SDTextFooterButtonView.m in Sources */ = {isa = PBXBuildFile; fileRef = 5A33F44617AB20800015BF2F /* SDTextFooterButtonView.m */; };
		5A33F46517AC8F960015BF2F /* MobileCoreServices.framework in Frameworks */ = {isa = PBXBuildFile; fileRef = 5A33F46417AC8F960015BF2F /* MobileCoreServices.framework */; };
		5A33F46717AC8F9E0015BF2F /* SystemConfiguration.framework in Frameworks */ = {isa = PBXBuildFile; fileRef = 5A33F46617AC8F9D0015BF2F /* SystemConfiguration.framework */; };
		F13EF5EA3FB24F93904AA0FD /* libPods.a in Frameworks */ = {isa = PBXBuildFile; fileRef = AFFEE59C2D574642A29DB6C8 /* libPods.a */; };
/* End PBXBuildFile section */

/* Begin PBXFileReference section */
		5A33F3AA17A95F0D0015BF2F /* OctoKitSample.app */ = {isa = PBXFileReference; explicitFileType = wrapper.application; includeInIndex = 0; path = OctoKitSample.app; sourceTree = BUILT_PRODUCTS_DIR; };
		5A33F3AD17A95F0D0015BF2F /* UIKit.framework */ = {isa = PBXFileReference; lastKnownFileType = wrapper.framework; name = UIKit.framework; path = System/Library/Frameworks/UIKit.framework; sourceTree = SDKROOT; };
		5A33F3AF17A95F0D0015BF2F /* Foundation.framework */ = {isa = PBXFileReference; lastKnownFileType = wrapper.framework; name = Foundation.framework; path = System/Library/Frameworks/Foundation.framework; sourceTree = SDKROOT; };
		5A33F3B117A95F0D0015BF2F /* CoreGraphics.framework */ = {isa = PBXFileReference; lastKnownFileType = wrapper.framework; name = CoreGraphics.framework; path = System/Library/Frameworks/CoreGraphics.framework; sourceTree = SDKROOT; };
		5A33F3D017A960010015BF2F /* AppDelegate.h */ = {isa = PBXFileReference; fileEncoding = 4; lastKnownFileType = sourcecode.c.h; path = AppDelegate.h; sourceTree = SOURCE_ROOT; };
		5A33F3D117A960010015BF2F /* AppDelegate.m */ = {isa = PBXFileReference; fileEncoding = 4; lastKnownFileType = sourcecode.c.objc; path = AppDelegate.m; sourceTree = SOURCE_ROOT; };
		5A33F3D217A960010015BF2F /* ViewController.h */ = {isa = PBXFileReference; fileEncoding = 4; lastKnownFileType = sourcecode.c.h; path = ViewController.h; sourceTree = SOURCE_ROOT; };
		5A33F3D317A960010015BF2F /* ViewController.m */ = {isa = PBXFileReference; fileEncoding = 4; lastKnownFileType = sourcecode.c.objc; path = ViewController.m; sourceTree = SOURCE_ROOT; };
		5A33F3D617A960460015BF2F /* Default-568h@2x.png */ = {isa = PBXFileReference; lastKnownFileType = image.png; path = "Default-568h@2x.png"; sourceTree = SOURCE_ROOT; };
		5A33F3D717A960460015BF2F /* Default.png */ = {isa = PBXFileReference; lastKnownFileType = image.png; path = Default.png; sourceTree = SOURCE_ROOT; };
		5A33F3D817A960460015BF2F /* Default@2x.png */ = {isa = PBXFileReference; lastKnownFileType = image.png; path = "Default@2x.png"; sourceTree = SOURCE_ROOT; };
		5A33F3DB17A960460015BF2F /* en */ = {isa = PBXFileReference; lastKnownFileType = text.plist.strings; name = en; path = InfoPlist.strings; sourceTree = "<group>"; };
		5A33F3DD17A960460015BF2F /* en */ = {isa = PBXFileReference; lastKnownFileType = file.xib; name = en; path = ViewController.xib; sourceTree = "<group>"; };
		5A33F3DE17A960460015BF2F /* main.m */ = {isa = PBXFileReference; fileEncoding = 4; lastKnownFileType = sourcecode.c.objc; path = main.m; sourceTree = SOURCE_ROOT; };
		5A33F3DF17A960460015BF2F /* OctoKitSample-Info.plist */ = {isa = PBXFileReference; fileEncoding = 4; lastKnownFileType = text.plist.xml; path = "OctoKitSample-Info.plist"; sourceTree = SOURCE_ROOT; };
		5A33F3E017A960460015BF2F /* OctoKitSample-Prefix.pch */ = {isa = PBXFileReference; fileEncoding = 4; lastKnownFileType = sourcecode.c.h; path = "OctoKitSample-Prefix.pch"; sourceTree = SOURCE_ROOT; };
		5A33F42917AB1FE40015BF2F /* SDLoginKit.h */ = {isa = PBXFileReference; fileEncoding = 4; lastKnownFileType = sourcecode.c.h; path = SDLoginKit.h; sourceTree = "<group>"; };
		5A33F42A17AB1FE40015BF2F /* SDLoginViewController.h */ = {isa = PBXFileReference; fileEncoding = 4; lastKnownFileType = sourcecode.c.h; path = SDLoginViewController.h; sourceTree = "<group>"; };
		5A33F42B17AB1FE40015BF2F /* SDLoginViewController.m */ = {isa = PBXFileReference; fileEncoding = 4; lastKnownFileType = sourcecode.c.objc; path = SDLoginViewController.m; sourceTree = "<group>"; };
		5A33F42C17AB1FE40015BF2F /* SDPasswordResetViewController.h */ = {isa = PBXFileReference; fileEncoding = 4; lastKnownFileType = sourcecode.c.h; path = SDPasswordResetViewController.h; sourceTree = "<group>"; };
		5A33F42D17AB1FE40015BF2F /* SDPasswordResetViewController.m */ = {isa = PBXFileReference; fileEncoding = 4; lastKnownFileType = sourcecode.c.objc; path = SDPasswordResetViewController.m; sourceTree = "<group>"; };
		5A33F42E17AB1FE40015BF2F /* SDSignUpViewController.h */ = {isa = PBXFileReference; fileEncoding = 4; lastKnownFileType = sourcecode.c.h; path = SDSignUpViewController.h; sourceTree = "<group>"; };
		5A33F42F17AB1FE40015BF2F /* SDSignUpViewController.m */ = {isa = PBXFileReference; fileEncoding = 4; lastKnownFileType = sourcecode.c.objc; path = SDSignUpViewController.m; sourceTree = "<group>"; };
		5A33F43517AB20800015BF2F /* gray.png */ = {isa = PBXFileReference; lastKnownFileType = image.png; path = gray.png; sourceTree = "<group>"; };
		5A33F43617AB20800015BF2F /* green.png */ = {isa = PBXFileReference; lastKnownFileType = image.png; path = green.png; sourceTree = "<group>"; };
		5A33F43717AB20800015BF2F /* red.png */ = {isa = PBXFileReference; lastKnownFileType = image.png; path = red.png; sourceTree = "<group>"; };
		5A33F43817AB20800015BF2F /* SDFooterButtonView.h */ = {isa = PBXFileReference; fileEncoding = 4; lastKnownFileType = sourcecode.c.h; path = SDFooterButtonView.h; sourceTree = "<group>"; };
		5A33F43917AB20800015BF2F /* SDFooterButtonView.m */ = {isa = PBXFileReference; fileEncoding = 4; lastKnownFileType = sourcecode.c.objc; path = SDFooterButtonView.m; sourceTree = "<group>"; };
		5A33F43A17AB20800015BF2F /* SDKit.h */ = {isa = PBXFileReference; fileEncoding = 4; lastKnownFileType = sourcecode.c.h; path = SDKit.h; sourceTree = "<group>"; };
		5A33F43B17AB20800015BF2F /* SDPatternCell.h */ = {isa = PBXFileReference; fileEncoding = 4; lastKnownFileType = sourcecode.c.h; path = SDPatternCell.h; sourceTree = "<group>"; };
		5A33F43C17AB20800015BF2F /* SDPatternCell.m */ = {isa = PBXFileReference; fileEncoding = 4; lastKnownFileType = sourcecode.c.objc; path = SDPatternCell.m; sourceTree = "<group>"; };
		5A33F43D17AB20800015BF2F /* SDPlaceholderCell.h */ = {isa = PBXFileReference; fileEncoding = 4; lastKnownFileType = sourcecode.c.h; path = SDPlaceholderCell.h; sourceTree = "<group>"; };
		5A33F43E17AB20800015BF2F /* SDPlaceholderCell.m */ = {isa = PBXFileReference; fileEncoding = 4; lastKnownFileType = sourcecode.c.objc; path = SDPlaceholderCell.m; sourceTree = "<group>"; };
		5A33F43F17AB20800015BF2F /* SDRoundedImageViewCell.h */ = {isa = PBXFileReference; fileEncoding = 4; lastKnownFileType = sourcecode.c.h; path = SDRoundedImageViewCell.h; sourceTree = "<group>"; };
		5A33F44017AB20800015BF2F /* SDRoundedImageViewCell.m */ = {isa = PBXFileReference; fileEncoding = 4; lastKnownFileType = sourcecode.c.objc; path = SDRoundedImageViewCell.m; sourceTree = "<group>"; };
		5A33F44117AB20800015BF2F /* SDSwitchCell.h */ = {isa = PBXFileReference; fileEncoding = 4; lastKnownFileType = sourcecode.c.h; path = SDSwitchCell.h; sourceTree = "<group>"; };
		5A33F44217AB20800015BF2F /* SDSwitchCell.m */ = {isa = PBXFileReference; fileEncoding = 4; lastKnownFileType = sourcecode.c.objc; path = SDSwitchCell.m; sourceTree = "<group>"; };
		5A33F44317AB20800015BF2F /* SDTextFieldCell.h */ = {isa = PBXFileReference; fileEncoding = 4; lastKnownFileType = sourcecode.c.h; path = SDTextFieldCell.h; sourceTree = "<group>"; };
		5A33F44417AB20800015BF2F /* SDTextFieldCell.m */ = {isa = PBXFileReference; fileEncoding = 4; lastKnownFileType = sourcecode.c.objc; path = SDTextFieldCell.m; sourceTree = "<group>"; };
		5A33F44517AB20800015BF2F /* SDTextFooterButtonView.h */ = {isa = PBXFileReference; fileEncoding = 4; lastKnownFileType = sourcecode.c.h; path = SDTextFooterButtonView.h; sourceTree = "<group>"; };
		5A33F44617AB20800015BF2F /* SDTextFooterButtonView.m */ = {isa = PBXFileReference; fileEncoding = 4; lastKnownFileType = sourcecode.c.objc; path = SDTextFooterButtonView.m; sourceTree = "<group>"; };
		5A33F46417AC8F960015BF2F /* MobileCoreServices.framework */ = {isa = PBXFileReference; lastKnownFileType = wrapper.framework; name = MobileCoreServices.framework; path = System/Library/Frameworks/MobileCoreServices.framework; sourceTree = SDKROOT; };
		5A33F46617AC8F9D0015BF2F /* SystemConfiguration.framework */ = {isa = PBXFileReference; lastKnownFileType = wrapper.framework; name = SystemConfiguration.framework; path = System/Library/Frameworks/SystemConfiguration.framework; sourceTree = SDKROOT; };
		AFFEE59C2D574642A29DB6C8 /* libPods.a */ = {isa = PBXFileReference; explicitFileType = archive.ar; includeInIndex = 0; path = libPods.a; sourceTree = BUILT_PRODUCTS_DIR; };
		DF738125A80940E881385FFA /* Pods.xcconfig */ = {isa = PBXFileReference; includeInIndex = 1; lastKnownFileType = text.xcconfig; name = Pods.xcconfig; path = Pods/Pods.xcconfig; sourceTree = SOURCE_ROOT; };
/* End PBXFileReference section */

/* Begin PBXFrameworksBuildPhase section */
		5A33F3A717A95F0D0015BF2F /* Frameworks */ = {
			isa = PBXFrameworksBuildPhase;
			buildActionMask = 2147483647;
			files = (
				5A33F46717AC8F9E0015BF2F /* SystemConfiguration.framework in Frameworks */,
				5A33F46517AC8F960015BF2F /* MobileCoreServices.framework in Frameworks */,
				5A33F3AE17A95F0D0015BF2F /* UIKit.framework in Frameworks */,
				5A33F3B017A95F0D0015BF2F /* Foundation.framework in Frameworks */,
				5A33F3B217A95F0D0015BF2F /* CoreGraphics.framework in Frameworks */,
				F13EF5EA3FB24F93904AA0FD /* libPods.a in Frameworks */,
			);
			runOnlyForDeploymentPostprocessing = 0;
		};
/* End PBXFrameworksBuildPhase section */

/* Begin PBXGroup section */
		5A33F3A117A95F0D0015BF2F = {
			isa = PBXGroup;
			children = (
				5A33F3B317A95F0D0015BF2F /* OctoKitSample */,
				5A33F3AC17A95F0D0015BF2F /* Frameworks */,
				5A33F3AB17A95F0D0015BF2F /* Products */,
				DF738125A80940E881385FFA /* Pods.xcconfig */,
			);
			sourceTree = "<group>";
		};
		5A33F3AB17A95F0D0015BF2F /* Products */ = {
			isa = PBXGroup;
			children = (
				5A33F3AA17A95F0D0015BF2F /* OctoKitSample.app */,
			);
			name = Products;
			sourceTree = "<group>";
		};
		5A33F3AC17A95F0D0015BF2F /* Frameworks */ = {
			isa = PBXGroup;
			children = (
				5A33F46617AC8F9D0015BF2F /* SystemConfiguration.framework */,
				5A33F46417AC8F960015BF2F /* MobileCoreServices.framework */,
				5A33F3AD17A95F0D0015BF2F /* UIKit.framework */,
				5A33F3AF17A95F0D0015BF2F /* Foundation.framework */,
				5A33F3B117A95F0D0015BF2F /* CoreGraphics.framework */,
				AFFEE59C2D574642A29DB6C8 /* libPods.a */,
			);
			name = Frameworks;
			sourceTree = "<group>";
		};
		5A33F3B317A95F0D0015BF2F /* OctoKitSample */ = {
			isa = PBXGroup;
			children = (
				5A33F43317AB207F0015BF2F /* SDKit */,
				5A33F42817AB1FE30015BF2F /* SDLoginKit */,
				5A33F3D017A960010015BF2F /* AppDelegate.h */,
				5A33F3D117A960010015BF2F /* AppDelegate.m */,
				5A33F3D217A960010015BF2F /* ViewController.h */,
				5A33F3D317A960010015BF2F /* ViewController.m */,
				5A33F3B417A95F0D0015BF2F /* Supporting Files */,
			);
			path = OctoKitSample;
			sourceTree = "<group>";
		};
		5A33F3B417A95F0D0015BF2F /* Supporting Files */ = {
			isa = PBXGroup;
			children = (
				5A33F3D617A960460015BF2F /* Default-568h@2x.png */,
				5A33F3D717A960460015BF2F /* Default.png */,
				5A33F3D817A960460015BF2F /* Default@2x.png */,
				5A33F3D917A960460015BF2F /* en.lproj */,
				5A33F3DE17A960460015BF2F /* main.m */,
				5A33F3DF17A960460015BF2F /* OctoKitSample-Info.plist */,
				5A33F3E017A960460015BF2F /* OctoKitSample-Prefix.pch */,
			);
			name = "Supporting Files";
			sourceTree = "<group>";
		};
		5A33F3D917A960460015BF2F /* en.lproj */ = {
			isa = PBXGroup;
			children = (
				5A33F3DA17A960460015BF2F /* InfoPlist.strings */,
				5A33F3DC17A960460015BF2F /* ViewController.xib */,
			);
			path = en.lproj;
			sourceTree = SOURCE_ROOT;
		};
		5A33F42817AB1FE30015BF2F /* SDLoginKit */ = {
			isa = PBXGroup;
			children = (
				5A33F42917AB1FE40015BF2F /* SDLoginKit.h */,
				5A33F42A17AB1FE40015BF2F /* SDLoginViewController.h */,
				5A33F42B17AB1FE40015BF2F /* SDLoginViewController.m */,
				5A33F42C17AB1FE40015BF2F /* SDPasswordResetViewController.h */,
				5A33F42D17AB1FE40015BF2F /* SDPasswordResetViewController.m */,
				5A33F42E17AB1FE40015BF2F /* SDSignUpViewController.h */,
				5A33F42F17AB1FE40015BF2F /* SDSignUpViewController.m */,
			);
			path = SDLoginKit;
			sourceTree = SOURCE_ROOT;
		};
		5A33F43317AB207F0015BF2F /* SDKit */ = {
			isa = PBXGroup;
			children = (
				5A33F43417AB20800015BF2F /* Assets */,
				5A33F43817AB20800015BF2F /* SDFooterButtonView.h */,
				5A33F43917AB20800015BF2F /* SDFooterButtonView.m */,
				5A33F43A17AB20800015BF2F /* SDKit.h */,
				5A33F43B17AB20800015BF2F /* SDPatternCell.h */,
				5A33F43C17AB20800015BF2F /* SDPatternCell.m */,
				5A33F43D17AB20800015BF2F /* SDPlaceholderCell.h */,
				5A33F43E17AB20800015BF2F /* SDPlaceholderCell.m */,
				5A33F43F17AB20800015BF2F /* SDRoundedImageViewCell.h */,
				5A33F44017AB20800015BF2F /* SDRoundedImageViewCell.m */,
				5A33F44117AB20800015BF2F /* SDSwitchCell.h */,
				5A33F44217AB20800015BF2F /* SDSwitchCell.m */,
				5A33F44317AB20800015BF2F /* SDTextFieldCell.h */,
				5A33F44417AB20800015BF2F /* SDTextFieldCell.m */,
				5A33F44517AB20800015BF2F /* SDTextFooterButtonView.h */,
				5A33F44617AB20800015BF2F /* SDTextFooterButtonView.m */,
			);
			path = SDKit;
			sourceTree = SOURCE_ROOT;
		};
		5A33F43417AB20800015BF2F /* Assets */ = {
			isa = PBXGroup;
			children = (
				5A33F43517AB20800015BF2F /* gray.png */,
				5A33F43617AB20800015BF2F /* green.png */,
				5A33F43717AB20800015BF2F /* red.png */,
			);
			path = Assets;
			sourceTree = "<group>";
		};
/* End PBXGroup section */

/* Begin PBXNativeTarget section */
		5A33F3A917A95F0D0015BF2F /* OctoKitSample */ = {
			isa = PBXNativeTarget;
			buildConfigurationList = 5A33F3CD17A95F0D0015BF2F /* Build configuration list for PBXNativeTarget "OctoKitSample" */;
			buildPhases = (
				AEB6A4B0C3E44E6CB721B1CE /* Check Pods Manifest.lock */,
				5A33F3A617A95F0D0015BF2F /* Sources */,
				5A33F3A717A95F0D0015BF2F /* Frameworks */,
				5A33F3A817A95F0D0015BF2F /* Resources */,
				B82EAFC1EE394B08899E3C47 /* Copy Pods Resources */,
			);
			buildRules = (
			);
			dependencies = (
			);
			name = OctoKitSample;
			productName = OctoKitSample;
			productReference = 5A33F3AA17A95F0D0015BF2F /* OctoKitSample.app */;
			productType = "com.apple.product-type.application";
		};
/* End PBXNativeTarget section */

/* Begin PBXProject section */
		5A33F3A217A95F0D0015BF2F /* Project object */ = {
			isa = PBXProject;
			attributes = {
				LastUpgradeCheck = 0460;
				ORGANIZATIONNAME = SOMTD;
			};
			buildConfigurationList = 5A33F3A517A95F0D0015BF2F /* Build configuration list for PBXProject "OctoKitSample" */;
			compatibilityVersion = "Xcode 3.2";
			developmentRegion = English;
			hasScannedForEncodings = 0;
			knownRegions = (
				en,
			);
			mainGroup = 5A33F3A117A95F0D0015BF2F;
			productRefGroup = 5A33F3AB17A95F0D0015BF2F /* Products */;
			projectDirPath = "";
			projectRoot = "";
			targets = (
				5A33F3A917A95F0D0015BF2F /* OctoKitSample */,
			);
		};
/* End PBXProject section */

/* Begin PBXResourcesBuildPhase section */
		5A33F3A817A95F0D0015BF2F /* Resources */ = {
			isa = PBXResourcesBuildPhase;
			buildActionMask = 2147483647;
			files = (
				5A33F3E117A960460015BF2F /* Default-568h@2x.png in Resources */,
				5A33F3E217A960460015BF2F /* Default.png in Resources */,
				5A33F3E317A960460015BF2F /* Default@2x.png in Resources */,
				5A33F3E417A960460015BF2F /* InfoPlist.strings in Resources */,
				5A33F3E517A960460015BF2F /* ViewController.xib in Resources */,
				5A33F44717AB20800015BF2F /* gray.png in Resources */,
				5A33F44817AB20800015BF2F /* green.png in Resources */,
				5A33F44917AB20800015BF2F /* red.png in Resources */,
			);
			runOnlyForDeploymentPostprocessing = 0;
		};
/* End PBXResourcesBuildPhase section */

/* Begin PBXShellScriptBuildPhase section */
		AEB6A4B0C3E44E6CB721B1CE /* Check Pods Manifest.lock */ = {
			isa = PBXShellScriptBuildPhase;
			buildActionMask = 2147483647;
			files = (
			);
			inputPaths = (
			);
			name = "Check Pods Manifest.lock";
			outputPaths = (
			);
			runOnlyForDeploymentPostprocessing = 0;
			shellPath = /bin/sh;
			shellScript = "diff \"${PODS_ROOT}/../Podfile.lock\" \"${PODS_ROOT}/Manifest.lock\" > /dev/null\nif [[ $? != 0 ]] ; then\n    cat << EOM\nerror: The sandbox is not in sync with the Podfile.lock. Run 'pod install' or update your CocoaPods installation.\nEOM\n    exit 1\nfi\n";
			showEnvVarsInLog = 0;
		};
		B82EAFC1EE394B08899E3C47 /* Copy Pods Resources */ = {
			isa = PBXShellScriptBuildPhase;
			buildActionMask = 2147483647;
			files = (
			);
			inputPaths = (
			);
			name = "Copy Pods Resources";
			outputPaths = (
			);
			runOnlyForDeploymentPostprocessing = 0;
			shellPath = /bin/sh;
			shellScript = "\"${SRCROOT}/Pods/Pods-resources.sh\"\n";
			showEnvVarsInLog = 0;
		};
/* End PBXShellScriptBuildPhase section */

/* Begin PBXSourcesBuildPhase section */
		5A33F3A617A95F0D0015BF2F /* Sources */ = {
			isa = PBXSourcesBuildPhase;
			buildActionMask = 2147483647;
			files = (
				5A33F3D417A960010015BF2F /* AppDelegate.m in Sources */,
				5A33F3D517A960010015BF2F /* ViewController.m in Sources */,
				5A33F3E617A960460015BF2F /* main.m in Sources */,
				5A33F43017AB1FE40015BF2F /* SDLoginViewController.m in Sources */,
				5A33F43117AB1FE40015BF2F /* SDPasswordResetViewController.m in Sources */,
				5A33F43217AB1FE40015BF2F /* SDSignUpViewController.m in Sources */,
				5A33F44A17AB20800015BF2F /* SDFooterButtonView.m in Sources */,
				5A33F44B17AB20800015BF2F /* SDPatternCell.m in Sources */,
				5A33F44C17AB20800015BF2F /* SDPlaceholderCell.m in Sources */,
				5A33F44D17AB20800015BF2F /* SDRoundedImageViewCell.m in Sources */,
				5A33F44E17AB20800015BF2F /* SDSwitchCell.m in Sources */,
				5A33F44F17AB20800015BF2F /* SDTextFieldCell.m in Sources */,
				5A33F45017AB20800015BF2F /* SDTextFooterButtonView.m in Sources */,
			);
			runOnlyForDeploymentPostprocessing = 0;
		};
/* End PBXSourcesBuildPhase section */

/* Begin PBXVariantGroup section */
		5A33F3DA17A960460015BF2F /* InfoPlist.strings */ = {
			isa = PBXVariantGroup;
			children = (
				5A33F3DB17A960460015BF2F /* en */,
			);
			name = InfoPlist.strings;
			sourceTree = "<group>";
		};
		5A33F3DC17A960460015BF2F /* ViewController.xib */ = {
			isa = PBXVariantGroup;
			children = (
				5A33F3DD17A960460015BF2F /* en */,
			);
			name = ViewController.xib;
			sourceTree = "<group>";
		};
/* End PBXVariantGroup section */

/* Begin XCBuildConfiguration section */
		5A33F3CB17A95F0D0015BF2F /* Debug */ = {
			isa = XCBuildConfiguration;
			buildSettings = {
				ALWAYS_SEARCH_USER_PATHS = NO;
				CLANG_CXX_LANGUAGE_STANDARD = "gnu++0x";
				CLANG_CXX_LIBRARY = "libc++";
				CLANG_ENABLE_OBJC_ARC = YES;
				CLANG_WARN_CONSTANT_CONVERSION = YES;
				CLANG_WARN_EMPTY_BODY = YES;
				CLANG_WARN_ENUM_CONVERSION = YES;
				CLANG_WARN_INT_CONVERSION = YES;
				CLANG_WARN__DUPLICATE_METHOD_MATCH = YES;
				"CODE_SIGN_IDENTITY[sdk=iphoneos*]" = "iPhone Developer";
				COPY_PHASE_STRIP = NO;
				GCC_C_LANGUAGE_STANDARD = gnu99;
				GCC_DYNAMIC_NO_PIC = NO;
				GCC_OPTIMIZATION_LEVEL = 0;
				GCC_PREPROCESSOR_DEFINITIONS = (
					"DEBUG=1",
					"$(inherited)",
				);
				GCC_SYMBOLS_PRIVATE_EXTERN = NO;
				GCC_WARN_ABOUT_RETURN_TYPE = YES;
				GCC_WARN_UNINITIALIZED_AUTOS = YES;
				GCC_WARN_UNUSED_VARIABLE = YES;
				IPHONEOS_DEPLOYMENT_TARGET = 6.1;
				ONLY_ACTIVE_ARCH = YES;
				SDKROOT = iphoneos;
			};
			name = Debug;
		};
		5A33F3CC17A95F0D0015BF2F /* Release */ = {
			isa = XCBuildConfiguration;
			buildSettings = {
				ALWAYS_SEARCH_USER_PATHS = NO;
				CLANG_CXX_LANGUAGE_STANDARD = "gnu++0x";
				CLANG_CXX_LIBRARY = "libc++";
				CLANG_ENABLE_OBJC_ARC = YES;
				CLANG_WARN_CONSTANT_CONVERSION = YES;
				CLANG_WARN_EMPTY_BODY = YES;
				CLANG_WARN_ENUM_CONVERSION = YES;
				CLANG_WARN_INT_CONVERSION = YES;
				CLANG_WARN__DUPLICATE_METHOD_MATCH = YES;
				"CODE_SIGN_IDENTITY[sdk=iphoneos*]" = "iPhone Developer";
				COPY_PHASE_STRIP = YES;
				GCC_C_LANGUAGE_STANDARD = gnu99;
				GCC_WARN_ABOUT_RETURN_TYPE = YES;
				GCC_WARN_UNINITIALIZED_AUTOS = YES;
				GCC_WARN_UNUSED_VARIABLE = YES;
				IPHONEOS_DEPLOYMENT_TARGET = 6.1;
				OTHER_CFLAGS = "-DNS_BLOCK_ASSERTIONS=1";
				SDKROOT = iphoneos;
				VALIDATE_PRODUCT = YES;
			};
			name = Release;
		};
		5A33F3CE17A95F0D0015BF2F /* Debug */ = {
			isa = XCBuildConfiguration;
			baseConfigurationReference = DF738125A80940E881385FFA /* Pods.xcconfig */;
			buildSettings = {
				GCC_PRECOMPILE_PREFIX_HEADER = YES;
				GCC_PREFIX_HEADER = "OctoKitSample-Prefix.pch";
				INFOPLIST_FILE = "OctoKitSample-Info.plist";
				PRODUCT_NAME = "$(TARGET_NAME)";
				WRAPPER_EXTENSION = app;
			};
			name = Debug;
		};
		5A33F3CF17A95F0D0015BF2F /* Release */ = {
			isa = XCBuildConfiguration;
			baseConfigurationReference = DF738125A80940E881385FFA /* Pods.xcconfig */;
			buildSettings = {
				GCC_PRECOMPILE_PREFIX_HEADER = YES;
				GCC_PREFIX_HEADER = "OctoKitSample-Prefix.pch";
				INFOPLIST_FILE = "OctoKitSample-Info.plist";
				PRODUCT_NAME = "$(TARGET_NAME)";
				WRAPPER_EXTENSION = app;
			};
			name = Release;
		};
/* End XCBuildConfiguration section */

/* Begin XCConfigurationList section */
		5A33F3A517A95F0D0015BF2F /* Build configuration list for PBXProject "OctoKitSample" */ = {
			isa = XCConfigurationList;
			buildConfigurations = (
				5A33F3CB17A95F0D0015BF2F /* Debug */,
				5A33F3CC17A95F0D0015BF2F /* Release */,
			);
			defaultConfigurationIsVisible = 0;
			defaultConfigurationName = Release;
		};
		5A33F3CD17A95F0D0015BF2F /* Build configuration list for PBXNativeTarget "OctoKitSample" */ = {
			isa = XCConfigurationList;
			buildConfigurations = (
				5A33F3CE17A95F0D0015BF2F /* Debug */,
				5A33F3CF17A95F0D0015BF2F /* Release */,
			);
			defaultConfigurationIsVisible = 0;
			defaultConfigurationName = Release;
		};
/* End XCConfigurationList section */
	};
	rootObject = 5A33F3A217A95F0D0015BF2F /* Project object */;
}
